// !$*UTF8*$!
{
	archiveVersion = 1;
	classes = {
	};
	objectVersion = 56;
	objects = {

/* Begin PBXBuildFile section */
		B039EF882A72018200378FBC /* DrawingCanvasViewController.swift in Sources */ = {isa = PBXBuildFile; fileRef = B039EF872A72018200378FBC /* DrawingCanvasViewController.swift */; };
		B039EF8A2A72040400378FBC /* DrawingCanvasView.swift in Sources */ = {isa = PBXBuildFile; fileRef = B039EF892A72040400378FBC /* DrawingCanvasView.swift */; };
		B039EF8C2A79E95900378FBC /* DrawingView.swift in Sources */ = {isa = PBXBuildFile; fileRef = B039EF8B2A79E95900378FBC /* DrawingView.swift */; };
		B0C433742A7073B30098BD7F /* AddNewCanvasView.swift in Sources */ = {isa = PBXBuildFile; fileRef = B0C433732A7073B30098BD7F /* AddNewCanvasView.swift */; };
		B0DAC0EA2A5E055B0081F1C8 /* FramesApp.swift in Sources */ = {isa = PBXBuildFile; fileRef = B0DAC0E92A5E055B0081F1C8 /* FramesApp.swift */; };
		B0DAC0EC2A5E055B0081F1C8 /* ContentView.swift in Sources */ = {isa = PBXBuildFile; fileRef = B0DAC0EB2A5E055B0081F1C8 /* ContentView.swift */; };
		B0DAC0EE2A5E055C0081F1C8 /* Assets.xcassets in Resources */ = {isa = PBXBuildFile; fileRef = B0DAC0ED2A5E055C0081F1C8 /* Assets.xcassets */; };
		B0DAC0F12A5E055C0081F1C8 /* Preview Assets.xcassets in Resources */ = {isa = PBXBuildFile; fileRef = B0DAC0F02A5E055C0081F1C8 /* Preview Assets.xcassets */; };
		B0DAC0F32A5E055C0081F1C8 /* Persistence.swift in Sources */ = {isa = PBXBuildFile; fileRef = B0DAC0F22A5E055C0081F1C8 /* Persistence.swift */; };
		B0DAC0F62A5E055C0081F1C8 /* Frames.xcdatamodeld in Sources */ = {isa = PBXBuildFile; fileRef = B0DAC0F42A5E055C0081F1C8 /* Frames.xcdatamodeld */; };
/* End PBXBuildFile section */

/* Begin PBXFileReference section */
		B039EF872A72018200378FBC /* DrawingCanvasViewController.swift */ = {isa = PBXFileReference; lastKnownFileType = sourcecode.swift; path = DrawingCanvasViewController.swift; sourceTree = "<group>"; };
		B039EF892A72040400378FBC /* DrawingCanvasView.swift */ = {isa = PBXFileReference; lastKnownFileType = sourcecode.swift; path = DrawingCanvasView.swift; sourceTree = "<group>"; };
		B039EF8B2A79E95900378FBC /* DrawingView.swift */ = {isa = PBXFileReference; lastKnownFileType = sourcecode.swift; path = DrawingView.swift; sourceTree = "<group>"; };
		B0C433732A7073B30098BD7F /* AddNewCanvasView.swift */ = {isa = PBXFileReference; lastKnownFileType = sourcecode.swift; path = AddNewCanvasView.swift; sourceTree = "<group>"; };
		B0DAC0E62A5E055B0081F1C8 /* Frames.app */ = {isa = PBXFileReference; explicitFileType = wrapper.application; includeInIndex = 0; path = Frames.app; sourceTree = BUILT_PRODUCTS_DIR; };
		B0DAC0E92A5E055B0081F1C8 /* FramesApp.swift */ = {isa = PBXFileReference; lastKnownFileType = sourcecode.swift; path = FramesApp.swift; sourceTree = "<group>"; };
		B0DAC0EB2A5E055B0081F1C8 /* ContentView.swift */ = {isa = PBXFileReference; lastKnownFileType = sourcecode.swift; path = ContentView.swift; sourceTree = "<group>"; };
		B0DAC0ED2A5E055C0081F1C8 /* Assets.xcassets */ = {isa = PBXFileReference; lastKnownFileType = folder.assetcatalog; path = Assets.xcassets; sourceTree = "<group>"; };
		B0DAC0F02A5E055C0081F1C8 /* Preview Assets.xcassets */ = {isa = PBXFileReference; lastKnownFileType = folder.assetcatalog; path = "Preview Assets.xcassets"; sourceTree = "<group>"; };
		B0DAC0F22A5E055C0081F1C8 /* Persistence.swift */ = {isa = PBXFileReference; lastKnownFileType = sourcecode.swift; path = Persistence.swift; sourceTree = "<group>"; };
		B0DAC0F52A5E055C0081F1C8 /* Frames.xcdatamodel */ = {isa = PBXFileReference; lastKnownFileType = wrapper.xcdatamodel; path = Frames.xcdatamodel; sourceTree = "<group>"; };
/* End PBXFileReference section */

/* Begin PBXFrameworksBuildPhase section */
		B0DAC0E32A5E055B0081F1C8 /* Frameworks */ = {
			isa = PBXFrameworksBuildPhase;
			buildActionMask = 2147483647;
			files = (
			);
			runOnlyForDeploymentPostprocessing = 0;
		};
/* End PBXFrameworksBuildPhase section */

/* Begin PBXGroup section */
		B039EF862A72014700378FBC /* Canvas */ = {
			isa = PBXGroup;
			children = (
				B039EF872A72018200378FBC /* DrawingCanvasViewController.swift */,
				B039EF892A72040400378FBC /* DrawingCanvasView.swift */,
			);
			path = Canvas;
			sourceTree = "<group>";
		};
		B0DAC0DD2A5E055B0081F1C8 = {
			isa = PBXGroup;
			children = (
				B0DAC0E82A5E055B0081F1C8 /* Frames */,
				B0DAC0E72A5E055B0081F1C8 /* Products */,
			);
			sourceTree = "<group>";
		};
		B0DAC0E72A5E055B0081F1C8 /* Products */ = {
			isa = PBXGroup;
			children = (
				B0DAC0E62A5E055B0081F1C8 /* Frames.app */,
			);
			name = Products;
			sourceTree = "<group>";
		};
		B0DAC0E82A5E055B0081F1C8 /* Frames */ = {
			isa = PBXGroup;
			children = (
				B039EF862A72014700378FBC /* Canvas */,
				B0DAC0E92A5E055B0081F1C8 /* FramesApp.swift */,
				B0DAC0EB2A5E055B0081F1C8 /* ContentView.swift */,
				B0C433732A7073B30098BD7F /* AddNewCanvasView.swift */,
				B0DAC0ED2A5E055C0081F1C8 /* Assets.xcassets */,
				B0DAC0F22A5E055C0081F1C8 /* Persistence.swift */,
				B0DAC0F42A5E055C0081F1C8 /* Frames.xcdatamodeld */,
				B0DAC0EF2A5E055C0081F1C8 /* Preview Content */,
				B039EF8B2A79E95900378FBC /* DrawingView.swift */,
			);
			path = Frames;
			sourceTree = "<group>";
		};
		B0DAC0EF2A5E055C0081F1C8 /* Preview Content */ = {
			isa = PBXGroup;
			children = (
				B0DAC0F02A5E055C0081F1C8 /* Preview Assets.xcassets */,
			);
			path = "Preview Content";
			sourceTree = "<group>";
		};
/* End PBXGroup section */

/* Begin PBXNativeTarget section */
		B0DAC0E52A5E055B0081F1C8 /* Frames */ = {
			isa = PBXNativeTarget;
			buildConfigurationList = B0DAC0F92A5E055C0081F1C8 /* Build configuration list for PBXNativeTarget "Frames" */;
			buildPhases = (
				B0DAC0E22A5E055B0081F1C8 /* Sources */,
				B0DAC0E32A5E055B0081F1C8 /* Frameworks */,
				B0DAC0E42A5E055B0081F1C8 /* Resources */,
			);
			buildRules = (
			);
			dependencies = (
			);
			name = Frames;
			productName = Frames;
			productReference = B0DAC0E62A5E055B0081F1C8 /* Frames.app */;
			productType = "com.apple.product-type.application";
		};
/* End PBXNativeTarget section */

/* Begin PBXProject section */
		B0DAC0DE2A5E055B0081F1C8 /* Project object */ = {
			isa = PBXProject;
			attributes = {
				BuildIndependentTargetsInParallel = 1;
				LastSwiftUpdateCheck = 1430;
				LastUpgradeCheck = 1430;
				TargetAttributes = {
					B0DAC0E52A5E055B0081F1C8 = {
						CreatedOnToolsVersion = 14.3;
					};
				};
			};
			buildConfigurationList = B0DAC0E12A5E055B0081F1C8 /* Build configuration list for PBXProject "Frames" */;
			compatibilityVersion = "Xcode 14.0";
			developmentRegion = en;
			hasScannedForEncodings = 0;
			knownRegions = (
				en,
				Base,
			);
			mainGroup = B0DAC0DD2A5E055B0081F1C8;
			productRefGroup = B0DAC0E72A5E055B0081F1C8 /* Products */;
			projectDirPath = "";
			projectRoot = "";
			targets = (
				B0DAC0E52A5E055B0081F1C8 /* Frames */,
			);
		};
/* End PBXProject section */

/* Begin PBXResourcesBuildPhase section */
		B0DAC0E42A5E055B0081F1C8 /* Resources */ = {
			isa = PBXResourcesBuildPhase;
			buildActionMask = 2147483647;
			files = (
				B0DAC0F12A5E055C0081F1C8 /* Preview Assets.xcassets in Resources */,
				B0DAC0EE2A5E055C0081F1C8 /* Assets.xcassets in Resources */,
			);
			runOnlyForDeploymentPostprocessing = 0;
		};
/* End PBXResourcesBuildPhase section */

/* Begin PBXSourcesBuildPhase section */
		B0DAC0E22A5E055B0081F1C8 /* Sources */ = {
			isa = PBXSourcesBuildPhase;
			buildActionMask = 2147483647;
			files = (
				B0DAC0F32A5E055C0081F1C8 /* Persistence.swift in Sources */,
				B0C433742A7073B30098BD7F /* AddNewCanvasView.swift in Sources */,
				B0DAC0F62A5E055C0081F1C8 /* Frames.xcdatamodeld in Sources */,
				B039EF8C2A79E95900378FBC /* DrawingView.swift in Sources */,
				B039EF882A72018200378FBC /* DrawingCanvasViewController.swift in Sources */,
				B0DAC0EC2A5E055B0081F1C8 /* ContentView.swift in Sources */,
				B0DAC0EA2A5E055B0081F1C8 /* FramesApp.swift in Sources */,
				B039EF8A2A72040400378FBC /* DrawingCanvasView.swift in Sources */,
			);
			runOnlyForDeploymentPostprocessing = 0;
		};
/* End PBXSourcesBuildPhase section */

/* Begin XCBuildConfiguration section */
		B0DAC0F72A5E055C0081F1C8 /* Debug */ = {
			isa = XCBuildConfiguration;
			buildSettings = {
				ALWAYS_SEARCH_USER_PATHS = NO;
				CLANG_ANALYZER_NONNULL = YES;
				CLANG_ANALYZER_NUMBER_OBJECT_CONVERSION = YES_AGGRESSIVE;
				CLANG_CXX_LANGUAGE_STANDARD = "gnu++20";
				CLANG_ENABLE_MODULES = YES;
				CLANG_ENABLE_OBJC_ARC = YES;
				CLANG_ENABLE_OBJC_WEAK = YES;
				CLANG_WARN_BLOCK_CAPTURE_AUTORELEASING = YES;
				CLANG_WARN_BOOL_CONVERSION = YES;
				CLANG_WARN_COMMA = YES;
				CLANG_WARN_CONSTANT_CONVERSION = YES;
				CLANG_WARN_DEPRECATED_OBJC_IMPLEMENTATIONS = YES;
				CLANG_WARN_DIRECT_OBJC_ISA_USAGE = YES_ERROR;
				CLANG_WARN_DOCUMENTATION_COMMENTS = YES;
				CLANG_WARN_EMPTY_BODY = YES;
				CLANG_WARN_ENUM_CONVERSION = YES;
				CLANG_WARN_INFINITE_RECURSION = YES;
				CLANG_WARN_INT_CONVERSION = YES;
				CLANG_WARN_NON_LITERAL_NULL_CONVERSION = YES;
				CLANG_WARN_OBJC_IMPLICIT_RETAIN_SELF = YES;
				CLANG_WARN_OBJC_LITERAL_CONVERSION = YES;
				CLANG_WARN_OBJC_ROOT_CLASS = YES_ERROR;
				CLANG_WARN_QUOTED_INCLUDE_IN_FRAMEWORK_HEADER = YES;
				CLANG_WARN_RANGE_LOOP_ANALYSIS = YES;
				CLANG_WARN_STRICT_PROTOTYPES = YES;
				CLANG_WARN_SUSPICIOUS_MOVE = YES;
				CLANG_WARN_UNGUARDED_AVAILABILITY = YES_AGGRESSIVE;
				CLANG_WARN_UNREACHABLE_CODE = YES;
				CLANG_WARN__DUPLICATE_METHOD_MATCH = YES;
				COPY_PHASE_STRIP = NO;
				DEBUG_INFORMATION_FORMAT = dwarf;
				ENABLE_STRICT_OBJC_MSGSEND = YES;
				ENABLE_TESTABILITY = YES;
				GCC_C_LANGUAGE_STANDARD = gnu11;
				GCC_DYNAMIC_NO_PIC = NO;
				GCC_NO_COMMON_BLOCKS = YES;
				GCC_OPTIMIZATION_LEVEL = 0;
				GCC_PREPROCESSOR_DEFINITIONS = (
					"DEBUG=1",
					"$(inherited)",
				);
				GCC_WARN_64_TO_32_BIT_CONVERSION = YES;
				GCC_WARN_ABOUT_RETURN_TYPE = YES_ERROR;
				GCC_WARN_UNDECLARED_SELECTOR = YES;
				GCC_WARN_UNINITIALIZED_AUTOS = YES_AGGRESSIVE;
				GCC_WARN_UNUSED_FUNCTION = YES;
				GCC_WARN_UNUSED_VARIABLE = YES;
				IPHONEOS_DEPLOYMENT_TARGET = 16.4;
				MTL_ENABLE_DEBUG_INFO = INCLUDE_SOURCE;
				MTL_FAST_MATH = YES;
				ONLY_ACTIVE_ARCH = YES;
				SDKROOT = iphoneos;
				SWIFT_ACTIVE_COMPILATION_CONDITIONS = DEBUG;
				SWIFT_OPTIMIZATION_LEVEL = "-Onone";
			};
			name = Debug;
		};
		B0DAC0F82A5E055C0081F1C8 /* Release */ = {
			isa = XCBuildConfiguration;
			buildSettings = {
				ALWAYS_SEARCH_USER_PATHS = NO;
				CLANG_ANALYZER_NONNULL = YES;
				CLANG_ANALYZER_NUMBER_OBJECT_CONVERSION = YES_AGGRESSIVE;
				CLANG_CXX_LANGUAGE_STANDARD = "gnu++20";
				CLANG_ENABLE_MODULES = YES;
				CLANG_ENABLE_OBJC_ARC = YES;
				CLANG_ENABLE_OBJC_WEAK = YES;
				CLANG_WARN_BLOCK_CAPTURE_AUTORELEASING = YES;
				CLANG_WARN_BOOL_CONVERSION = YES;
				CLANG_WARN_COMMA = YES;
				CLANG_WARN_CONSTANT_CONVERSION = YES;
				CLANG_WARN_DEPRECATED_OBJC_IMPLEMENTATIONS = YES;
				CLANG_WARN_DIRECT_OBJC_ISA_USAGE = YES_ERROR;
				CLANG_WARN_DOCUMENTATION_COMMENTS = YES;
				CLANG_WARN_EMPTY_BODY = YES;
				CLANG_WARN_ENUM_CONVERSION = YES;
				CLANG_WARN_INFINITE_RECURSION = YES;
				CLANG_WARN_INT_CONVERSION = YES;
				CLANG_WARN_NON_LITERAL_NULL_CONVERSION = YES;
				CLANG_WARN_OBJC_IMPLICIT_RETAIN_SELF = YES;
				CLANG_WARN_OBJC_LITERAL_CONVERSION = YES;
				CLANG_WARN_OBJC_ROOT_CLASS = YES_ERROR;
				CLANG_WARN_QUOTED_INCLUDE_IN_FRAMEWORK_HEADER = YES;
				CLANG_WARN_RANGE_LOOP_ANALYSIS = YES;
				CLANG_WARN_STRICT_PROTOTYPES = YES;
				CLANG_WARN_SUSPICIOUS_MOVE = YES;
				CLANG_WARN_UNGUARDED_AVAILABILITY = YES_AGGRESSIVE;
				CLANG_WARN_UNREACHABLE_CODE = YES;
				CLANG_WARN__DUPLICATE_METHOD_MATCH = YES;
				COPY_PHASE_STRIP = NO;
				DEBUG_INFORMATION_FORMAT = "dwarf-with-dsym";
				ENABLE_NS_ASSERTIONS = NO;
				ENABLE_STRICT_OBJC_MSGSEND = YES;
				GCC_C_LANGUAGE_STANDARD = gnu11;
				GCC_NO_COMMON_BLOCKS = YES;
				GCC_WARN_64_TO_32_BIT_CONVERSION = YES;
				GCC_WARN_ABOUT_RETURN_TYPE = YES_ERROR;
				GCC_WARN_UNDECLARED_SELECTOR = YES;
				GCC_WARN_UNINITIALIZED_AUTOS = YES_AGGRESSIVE;
				GCC_WARN_UNUSED_FUNCTION = YES;
				GCC_WARN_UNUSED_VARIABLE = YES;
				IPHONEOS_DEPLOYMENT_TARGET = 16.4;
				MTL_ENABLE_DEBUG_INFO = NO;
				MTL_FAST_MATH = YES;
				SDKROOT = iphoneos;
				SWIFT_COMPILATION_MODE = wholemodule;
				SWIFT_OPTIMIZATION_LEVEL = "-O";
				VALIDATE_PRODUCT = YES;
			};
			name = Release;
		};
		B0DAC0FA2A5E055C0081F1C8 /* Debug */ = {
			isa = XCBuildConfiguration;
			buildSettings = {
				ASSETCATALOG_COMPILER_APPICON_NAME = AppIcon;
				ASSETCATALOG_COMPILER_GLOBAL_ACCENT_COLOR_NAME = AccentColor;
				CODE_SIGN_STYLE = Automatic;
				CURRENT_PROJECT_VERSION = 1;
				DEVELOPMENT_ASSET_PATHS = "\"Frames/Preview Content\"";
				DEVELOPMENT_TEAM = D9QQ44JT46;
				ENABLE_PREVIEWS = YES;
				GENERATE_INFOPLIST_FILE = YES;
				INFOPLIST_KEY_UIApplicationSceneManifest_Generation = YES;
				INFOPLIST_KEY_UIApplicationSupportsIndirectInputEvents = YES;
				INFOPLIST_KEY_UILaunchScreen_Generation = YES;
				INFOPLIST_KEY_UISupportedInterfaceOrientations_iPad = "UIInterfaceOrientationPortrait UIInterfaceOrientationPortraitUpsideDown UIInterfaceOrientationLandscapeLeft UIInterfaceOrientationLandscapeRight";
				INFOPLIST_KEY_UISupportedInterfaceOrientations_iPhone = "UIInterfaceOrientationPortrait UIInterfaceOrientationLandscapeLeft UIInterfaceOrientationLandscapeRight";
				LD_RUNPATH_SEARCH_PATHS = (
					"$(inherited)",
					"@executable_path/Frameworks",
				);
				MARKETING_VERSION = 1.0;
				PRODUCT_BUNDLE_IDENTIFIER = com.zoeolson.Frames;
				PRODUCT_NAME = "$(TARGET_NAME)";
				SWIFT_EMIT_LOC_STRINGS = YES;
				SWIFT_VERSION = 5.0;
				TARGETED_DEVICE_FAMILY = "1,2";
			};
			name = Debug;
		};
		B0DAC0FB2A5E055C0081F1C8 /* Release */ = {
			isa = XCBuildConfiguration;
			buildSettings = {
				ASSETCATALOG_COMPILER_APPICON_NAME = AppIcon;
				ASSETCATALOG_COMPILER_GLOBAL_ACCENT_COLOR_NAME = AccentColor;
				CODE_SIGN_STYLE = Automatic;
				CURRENT_PROJECT_VERSION = 1;
				DEVELOPMENT_ASSET_PATHS = "\"Frames/Preview Content\"";
				DEVELOPMENT_TEAM = D9QQ44JT46;
				ENABLE_PREVIEWS = YES;
				GENERATE_INFOPLIST_FILE = YES;
				INFOPLIST_KEY_UIApplicationSceneManifest_Generation = YES;
				INFOPLIST_KEY_UIApplicationSupportsIndirectInputEvents = YES;
				INFOPLIST_KEY_UILaunchScreen_Generation = YES;
				INFOPLIST_KEY_UISupportedInterfaceOrientations_iPad = "UIInterfaceOrientationPortrait UIInterfaceOrientationPortraitUpsideDown UIInterfaceOrientationLandscapeLeft UIInterfaceOrientationLandscapeRight";
				INFOPLIST_KEY_UISupportedInterfaceOrientations_iPhone = "UIInterfaceOrientationPortrait UIInterfaceOrientationLandscapeLeft UIInterfaceOrientationLandscapeRight";
				LD_RUNPATH_SEARCH_PATHS = (
					"$(inherited)",
					"@executable_path/Frameworks",
				);
				MARKETING_VERSION = 1.0;
				PRODUCT_BUNDLE_IDENTIFIER = com.zoeolson.Frames;
				PRODUCT_NAME = "$(TARGET_NAME)";
				SWIFT_EMIT_LOC_STRINGS = YES;
				SWIFT_VERSION = 5.0;
				TARGETED_DEVICE_FAMILY = "1,2";
			};
			name = Release;
		};
/* End XCBuildConfiguration section */

/* Begin XCConfigurationList section */
		B0DAC0E12A5E055B0081F1C8 /* Build configuration list for PBXProject "Frames" */ = {
			isa = XCConfigurationList;
			buildConfigurations = (
				B0DAC0F72A5E055C0081F1C8 /* Debug */,
				B0DAC0F82A5E055C0081F1C8 /* Release */,
			);
			defaultConfigurationIsVisible = 0;
			defaultConfigurationName = Release;
		};
		B0DAC0F92A5E055C0081F1C8 /* Build configuration list for PBXNativeTarget "Frames" */ = {
			isa = XCConfigurationList;
			buildConfigurations = (
				B0DAC0FA2A5E055C0081F1C8 /* Debug */,
				B0DAC0FB2A5E055C0081F1C8 /* Release */,
			);
			defaultConfigurationIsVisible = 0;
			defaultConfigurationName = Release;
		};
/* End XCConfigurationList section */

/* Begin XCVersionGroup section */
		B0DAC0F42A5E055C0081F1C8 /* Frames.xcdatamodeld */ = {
			isa = XCVersionGroup;
			children = (
				B0DAC0F52A5E055C0081F1C8 /* Frames.xcdatamodel */,
			);
			currentVersion = B0DAC0F52A5E055C0081F1C8 /* Frames.xcdatamodel */;
			path = Frames.xcdatamodeld;
			sourceTree = "<group>";
			versionGroupType = wrapper.xcdatamodel;
		};
/* End XCVersionGroup section */
	};
	rootObject = B0DAC0DE2A5E055B0081F1C8 /* Project object */;
}
